
Microsoft Visual Studio Solution File, Format Version 12.00
# Visual Studio Version 17
VisualStudioVersion = 17.0.31919.166
MinimumVisualStudioVersion = 10.0.40219.1
Project("{9A19103F-16F7-4668-BE54-9A1E7A4F7556}") = "HeritageLibrary", "HeritageLibrary\HeritageLibrary.csproj", "{2F6FEBF0-8F76-4147-8B8C-71B2E425F83F}"
EndProject
Project("{9A19103F-16F7-4668-BE54-9A1E7A4F7556}") = "HeritageLibrary.Wpf", "HeritageLibrary.Wpf\HeritageLibrary.Wpf.csproj", "{E68F7783-9719-405F-A1D7-34C27BB8E974}"
EndProject
Project("{9A19103F-16F7-4668-BE54-9A1E7A4F7556}") = "HeritageLibrary.Wpf.Controls", "HeritageLibrary.Wpf.Controls\HeritageLibrary.Wpf.Controls.csproj", "{6BCEF32F-F4CF-4869-B97E-E5E1DE606099}"
EndProject
Project("{9A19103F-16F7-4668-BE54-9A1E7A4F7556}") = "HeritageLibrary.Test", "HeritageLibrary.Test\HeritageLibrary.Test.csproj", "{23465FDD-2185-4898-B328-D35E0ED87FDD}"
EndProject
Project("{9A19103F-16F7-4668-BE54-9A1E7A4F7556}") = "HeritageLibrary.ExpressionParser", "HeritageLibrary.ExpressionParser\HeritageLibrary.ExpressionParser.csproj", "{2B2939D1-6706-45F5-BE7B-7E41C5BE14BD}"
EndProject
Project("{9A19103F-16F7-4668-BE54-9A1E7A4F7556}") = "HeritageLibrary.Notification", "HeritageLibrary.Notification\HeritageLibrary.Notification.csproj", "{565112A7-E139-49E5-ADBA-5603386F2AAD}"
EndProject
Project("{9A19103F-16F7-4668-BE54-9A1E7A4F7556}") = "HeritageLibrary.Windows.Dialogs", "HeritageLibrary.Windows.Dialogs\HeritageLibrary.Windows.Dialogs.csproj", "{0C2A98DB-6F21-4BEC-BAC3-0A6702FFD1E6}"
EndProject
Project("{9A19103F-16F7-4668-BE54-9A1E7A4F7556}") = "HeritageLibrary.Windows.Print", "HeritageLibrary.Windows.Print\HeritageLibrary.Windows.Print.csproj", "{D7D681E2-627A-4188-B2C3-812C1B3CD1BC}"
EndProject
Project("{9A19103F-16F7-4668-BE54-9A1E7A4F7556}") = "HeritageLibrary.IoC", "HeritageLibrary.IoC\HeritageLibrary.IoC.csproj", "{48650F85-9114-4B77-A73E-F1AE0B73579D}"
EndProject
Project("{FAE04EC0-301F-11D3-BF4B-00C04F79EFBC}") = "HeritageLibrary.Windows", "HeritageLibrary.Windows\HeritageLibrary.Windows.csproj", "{A8FA6C56-D7A4-4F49-BE0C-841F943FCEE9}"
EndProject
Global
	GlobalSection(SolutionConfigurationPlatforms) = preSolution
		Debug|Any CPU = Debug|Any CPU
		Release|Any CPU = Release|Any CPU
	EndGlobalSection
	GlobalSection(ProjectConfigurationPlatforms) = postSolution
		{2F6FEBF0-8F76-4147-8B8C-71B2E425F83F}.Debug|Any CPU.ActiveCfg = Debug|Any CPU
		{2F6FEBF0-8F76-4147-8B8C-71B2E425F83F}.Debug|Any CPU.Build.0 = Debug|Any CPU
		{2F6FEBF0-8F76-4147-8B8C-71B2E425F83F}.Release|Any CPU.ActiveCfg = Release|Any CPU
		{2F6FEBF0-8F76-4147-8B8C-71B2E425F83F}.Release|Any CPU.Build.0 = Release|Any CPU
		{E68F7783-9719-405F-A1D7-34C27BB8E974}.Debug|Any CPU.ActiveCfg = Debug|Any CPU
		{E68F7783-9719-405F-A1D7-34C27BB8E974}.Debug|Any CPU.Build.0 = Debug|Any CPU
		{E68F7783-9719-405F-A1D7-34C27BB8E974}.Release|Any CPU.ActiveCfg = Release|Any CPU
		{E68F7783-9719-405F-A1D7-34C27BB8E974}.Release|Any CPU.Build.0 = Release|Any CPU
		{6BCEF32F-F4CF-4869-B97E-E5E1DE606099}.Debug|Any CPU.ActiveCfg = Debug|Any CPU
		{6BCEF32F-F4CF-4869-B97E-E5E1DE606099}.Debug|Any CPU.Build.0 = Debug|Any CPU
		{6BCEF32F-F4CF-4869-B97E-E5E1DE606099}.Release|Any CPU.ActiveCfg = Release|Any CPU
		{6BCEF32F-F4CF-4869-B97E-E5E1DE606099}.Release|Any CPU.Build.0 = Release|Any CPU
		{23465FDD-2185-4898-B328-D35E0ED87FDD}.Debug|Any CPU.ActiveCfg = Debug|Any CPU
		{23465FDD-2185-4898-B328-D35E0ED87FDD}.Debug|Any CPU.Build.0 = Debug|Any CPU
		{23465FDD-2185-4898-B328-D35E0ED87FDD}.Release|Any CPU.ActiveCfg = Release|Any CPU
		{23465FDD-2185-4898-B328-D35E0ED87FDD}.Release|Any CPU.Build.0 = Release|Any CPU
		{2B2939D1-6706-45F5-BE7B-7E41C5BE14BD}.Debug|Any CPU.ActiveCfg = Debug|Any CPU
		{2B2939D1-6706-45F5-BE7B-7E41C5BE14BD}.Debug|Any CPU.Build.0 = Debug|Any CPU
		{2B2939D1-6706-45F5-BE7B-7E41C5BE14BD}.Release|Any CPU.ActiveCfg = Release|Any CPU
		{2B2939D1-6706-45F5-BE7B-7E41C5BE14BD}.Release|Any CPU.Build.0 = Release|Any CPU
		{565112A7-E139-49E5-ADBA-5603386F2AAD}.Debug|Any CPU.ActiveCfg = Debug|Any CPU
		{565112A7-E139-49E5-ADBA-5603386F2AAD}.Debug|Any CPU.Build.0 = Debug|Any CPU
		{565112A7-E139-49E5-ADBA-5603386F2AAD}.Release|Any CPU.ActiveCfg = Release|Any CPU
		{565112A7-E139-49E5-ADBA-5603386F2AAD}.Release|Any CPU.Build.0 = Release|Any CPU
		{0C2A98DB-6F21-4BEC-BAC3-0A6702FFD1E6}.Debug|Any CPU.ActiveCfg = Debug|Any CPU
		{0C2A98DB-6F21-4BEC-BAC3-0A6702FFD1E6}.Debug|Any CPU.Build.0 = Debug|Any CPU
		{0C2A98DB-6F21-4BEC-BAC3-0A6702FFD1E6}.Release|Any CPU.ActiveCfg = Release|Any CPU
		{0C2A98DB-6F21-4BEC-BAC3-0A6702FFD1E6}.Release|Any CPU.Build.0 = Release|Any CPU
		{D7D681E2-627A-4188-B2C3-812C1B3CD1BC}.Debug|Any CPU.ActiveCfg = Debug|Any CPU
		{D7D681E2-627A-4188-B2C3-812C1B3CD1BC}.Debug|Any CPU.Build.0 = Debug|Any CPU
		{D7D681E2-627A-4188-B2C3-812C1B3CD1BC}.Release|Any CPU.ActiveCfg = Release|Any CPU
		{D7D681E2-627A-4188-B2C3-812C1B3CD1BC}.Release|Any CPU.Build.0 = Release|Any CPU
		{48650F85-9114-4B77-A73E-F1AE0B73579D}.Debug|Any CPU.ActiveCfg = Debug|Any CPU
		{48650F85-9114-4B77-A73E-F1AE0B73579D}.Debug|Any CPU.Build.0 = Debug|Any CPU
		{48650F85-9114-4B77-A73E-F1AE0B73579D}.Release|Any CPU.ActiveCfg = Release|Any CPU
		{48650F85-9114-4B77-A73E-F1AE0B73579D}.Release|Any CPU.Build.0 = Release|Any CPU
		{A8FA6C56-D7A4-4F49-BE0C-841F943FCEE9}.Debug|Any CPU.ActiveCfg = Debug|Any CPU
		{A8FA6C56-D7A4-4F49-BE0C-841F943FCEE9}.Debug|Any CPU.Build.0 = Debug|Any CPU
		{A8FA6C56-D7A4-4F49-BE0C-841F943FCEE9}.Release|Any CPU.ActiveCfg = Release|Any CPU
		{A8FA6C56-D7A4-4F49-BE0C-841F943FCEE9}.Release|Any CPU.Build.0 = Release|Any CPU
	EndGlobalSection
	GlobalSection(SolutionProperties) = preSolution
		HideSolutionNode = FALSE
	EndGlobalSection
	GlobalSection(ExtensibilityGlobals) = postSolution
		SolutionGuid = {07F52BEA-4ED2-48B1-978B-912F6D643FE7}
	EndGlobalSection
EndGlobal
