
Microsoft Visual Studio Solution File, Format Version 12.00
# Visual Studio Version 16
VisualStudioVersion = 16.0.31702.278
MinimumVisualStudioVersion = 10.0.40219.1
Project("{FAE04EC0-301F-11D3-BF4B-00C04F79EFBC}") = "HeritageLibrary", "HeritageLibrary\HeritageLibrary.csproj", "{2F6FEBF0-8F76-4147-8B8C-71B2E425F83F}"
EndProject
Project("{FAE04EC0-301F-11D3-BF4B-00C04F79EFBC}") = "HeritageLibrary.Wpf", "HeritageLibrary.Wpf\HeritageLibrary.Wpf.csproj", "{E68F7783-9719-405F-A1D7-34C27BB8E974}"
EndProject
Project("{FAE04EC0-301F-11D3-BF4B-00C04F79EFBC}") = "HeritageLibrary.Wpf.Controls", "HeritageLibrary.Wpf.Controls\HeritageLibrary.Wpf.Controls.csproj", "{6BCEF32F-F4CF-4869-B97E-E5E1DE606099}"
EndProject
Global
	GlobalSection(SolutionConfigurationPlatforms) = preSolution
		Debug|Any CPU = Debug|Any CPU
		Release|Any CPU = Release|Any CPU
	EndGlobalSection
	GlobalSection(ProjectConfigurationPlatforms) = postSolution
		{2F6FEBF0-8F76-4147-8B8C-71B2E425F83F}.Debug|Any CPU.ActiveCfg = Debug|Any CPU
		{2F6FEBF0-8F76-4147-8B8C-71B2E425F83F}.Debug|Any CPU.Build.0 = Debug|Any CPU
		{2F6FEBF0-8F76-4147-8B8C-71B2E425F83F}.Release|Any CPU.ActiveCfg = Release|Any CPU
		{2F6FEBF0-8F76-4147-8B8C-71B2E425F83F}.Release|Any CPU.Build.0 = Release|Any CPU
		{E68F7783-9719-405F-A1D7-34C27BB8E974}.Debug|Any CPU.ActiveCfg = Debug|Any CPU
		{E68F7783-9719-405F-A1D7-34C27BB8E974}.Debug|Any CPU.Build.0 = Debug|Any CPU
		{E68F7783-9719-405F-A1D7-34C27BB8E974}.Release|Any CPU.ActiveCfg = Release|Any CPU
		{E68F7783-9719-405F-A1D7-34C27BB8E974}.Release|Any CPU.Build.0 = Release|Any CPU
		{6BCEF32F-F4CF-4869-B97E-E5E1DE606099}.Debug|Any CPU.ActiveCfg = Debug|Any CPU
		{6BCEF32F-F4CF-4869-B97E-E5E1DE606099}.Debug|Any CPU.Build.0 = Debug|Any CPU
		{6BCEF32F-F4CF-4869-B97E-E5E1DE606099}.Release|Any CPU.ActiveCfg = Release|Any CPU
		{6BCEF32F-F4CF-4869-B97E-E5E1DE606099}.Release|Any CPU.Build.0 = Release|Any CPU
	EndGlobalSection
	GlobalSection(SolutionProperties) = preSolution
		HideSolutionNode = FALSE
	EndGlobalSection
	GlobalSection(ExtensibilityGlobals) = postSolution
		SolutionGuid = {07F52BEA-4ED2-48B1-978B-912F6D643FE7}
	EndGlobalSection
EndGlobal
